
Microsoft Visual Studio Solution File, Format Version 12.00
# Visual Studio Version 16
VisualStudioVersion = 16.0.30717.126
MinimumVisualStudioVersion = 10.0.40219.1
Project("{FAE04EC0-301F-11D3-BF4B-00C04F79EFBC}") = "WeightConverter", "WeightConverter.csproj", "{47E98C6F-088A-4889-B978-8866A41AC4A3}"
EndProject
Global
	GlobalSection(SolutionConfigurationPlatforms) = preSolution
		Debug|Any CPU = Debug|Any CPU
		Release|Any CPU = Release|Any CPU
	EndGlobalSection
	GlobalSection(ProjectConfigurationPlatforms) = postSolution
		{47E98C6F-088A-4889-B978-8866A41AC4A3}.Debug|Any CPU.ActiveCfg = Debug|Any CPU
		{47E98C6F-088A-4889-B978-8866A41AC4A3}.Debug|Any CPU.Build.0 = Debug|Any CPU
		{47E98C6F-088A-4889-B978-8866A41AC4A3}.Release|Any CPU.ActiveCfg = Release|Any CPU
		{47E98C6F-088A-4889-B978-8866A41AC4A3}.Release|Any CPU.Build.0 = Release|Any CPU
	EndGlobalSection
	GlobalSection(SolutionProperties) = preSolution
		HideSolutionNode = FALSE
	EndGlobalSection
	GlobalSection(ExtensibilityGlobals) = postSolution
		SolutionGuid = {1598F70F-1F03-401B-81E3-A290551B9F32}
	EndGlobalSection
EndGlobal
